// !$*UTF8*$!
{
	archiveVersion = 1;
	classes = {
	};
	objectVersion = 50;
	objects = {

/* Begin PBXBuildFile section */
		CEDCE0C224AAF4B800105C18 /* AppDelegate.m in Sources */ = {isa = PBXBuildFile; fileRef = CEDCE0C124AAF4B800105C18 /* AppDelegate.m */; };
		CEDCE0C524AAF4B800105C18 /* SceneDelegate.m in Sources */ = {isa = PBXBuildFile; fileRef = CEDCE0C424AAF4B800105C18 /* SceneDelegate.m */; };
		CEDCE0C824AAF4B800105C18 /* ViewController.m in Sources */ = {isa = PBXBuildFile; fileRef = CEDCE0C724AAF4B800105C18 /* ViewController.m */; };
		CEDCE0CB24AAF4B800105C18 /* Main.storyboard in Resources */ = {isa = PBXBuildFile; fileRef = CEDCE0C924AAF4B800105C18 /* Main.storyboard */; };
		CEDCE0CD24AAF4BE00105C18 /* Assets.xcassets in Resources */ = {isa = PBXBuildFile; fileRef = CEDCE0CC24AAF4BE00105C18 /* Assets.xcassets */; };
		CEDCE0D024AAF4BE00105C18 /* LaunchScreen.storyboard in Resources */ = {isa = PBXBuildFile; fileRef = CEDCE0CE24AAF4BE00105C18 /* LaunchScreen.storyboard */; };
		CEDCE0D324AAF4BE00105C18 /* main.m in Sources */ = {isa = PBXBuildFile; fileRef = CEDCE0D224AAF4BE00105C18 /* main.m */; };
/* End PBXBuildFile section */

/* Begin PBXFileReference section */
		CEDCE0BD24AAF4B800105C18 /* MacroSports.app */ = {isa = PBXFileReference; explicitFileType = wrapper.application; includeInIndex = 0; path = MacroSports.app; sourceTree = BUILT_PRODUCTS_DIR; };
		CEDCE0C024AAF4B800105C18 /* AppDelegate.h */ = {isa = PBXFileReference; lastKnownFileType = sourcecode.c.h; path = AppDelegate.h; sourceTree = "<group>"; };
		CEDCE0C124AAF4B800105C18 /* AppDelegate.m */ = {isa = PBXFileReference; lastKnownFileType = sourcecode.c.objc; path = AppDelegate.m; sourceTree = "<group>"; };
		CEDCE0C324AAF4B800105C18 /* SceneDelegate.h */ = {isa = PBXFileReference; lastKnownFileType = sourcecode.c.h; path = SceneDelegate.h; sourceTree = "<group>"; };
		CEDCE0C424AAF4B800105C18 /* SceneDelegate.m */ = {isa = PBXFileReference; lastKnownFileType = sourcecode.c.objc; path = SceneDelegate.m; sourceTree = "<group>"; };
		CEDCE0C624AAF4B800105C18 /* ViewController.h */ = {isa = PBXFileReference; lastKnownFileType = sourcecode.c.h; path = ViewController.h; sourceTree = "<group>"; };
		CEDCE0C724AAF4B800105C18 /* ViewController.m */ = {isa = PBXFileReference; lastKnownFileType = sourcecode.c.objc; path = ViewController.m; sourceTree = "<group>"; };
		CEDCE0CA24AAF4B800105C18 /* Base */ = {isa = PBXFileReference; lastKnownFileType = file.storyboard; name = Base; path = Base.lproj/Main.storyboard; sourceTree = "<group>"; };
		CEDCE0CC24AAF4BE00105C18 /* Assets.xcassets */ = {isa = PBXFileReference; lastKnownFileType = folder.assetcatalog; path = Assets.xcassets; sourceTree = "<group>"; };
		CEDCE0CF24AAF4BE00105C18 /* Base */ = {isa = PBXFileReference; lastKnownFileType = file.storyboard; name = Base; path = Base.lproj/LaunchScreen.storyboard; sourceTree = "<group>"; };
		CEDCE0D124AAF4BE00105C18 /* Info.plist */ = {isa = PBXFileReference; lastKnownFileType = text.plist.xml; path = Info.plist; sourceTree = "<group>"; };
		CEDCE0D224AAF4BE00105C18 /* main.m */ = {isa = PBXFileReference; lastKnownFileType = sourcecode.c.objc; path = main.m; sourceTree = "<group>"; };
/* End PBXFileReference section */

/* Begin PBXFrameworksBuildPhase section */
		CEDCE0BA24AAF4B800105C18 /* Frameworks */ = {
			isa = PBXFrameworksBuildPhase;
			buildActionMask = 2147483647;
			files = (
			);
			runOnlyForDeploymentPostprocessing = 0;
		};
/* End PBXFrameworksBuildPhase section */

/* Begin PBXGroup section */
		CEDCE0B424AAF4B800105C18 = {
			isa = PBXGroup;
			children = (
				CEDCE0BF24AAF4B800105C18 /* MacroSports */,
				CEDCE0BE24AAF4B800105C18 /* Products */,
			);
			sourceTree = "<group>";
		};
		CEDCE0BE24AAF4B800105C18 /* Products */ = {
			isa = PBXGroup;
			children = (
				CEDCE0BD24AAF4B800105C18 /* MacroSports.app */,
			);
			name = Products;
			sourceTree = "<group>";
		};
		CEDCE0BF24AAF4B800105C18 /* MacroSports */ = {
			isa = PBXGroup;
			children = (
				CEDCE0C024AAF4B800105C18 /* AppDelegate.h */,
				CEDCE0C124AAF4B800105C18 /* AppDelegate.m */,
				CEDCE0C324AAF4B800105C18 /* SceneDelegate.h */,
				CEDCE0C424AAF4B800105C18 /* SceneDelegate.m */,
				CEDCE0C624AAF4B800105C18 /* ViewController.h */,
				CEDCE0C724AAF4B800105C18 /* ViewController.m */,
				CEDCE0C924AAF4B800105C18 /* Main.storyboard */,
				CEDCE0CC24AAF4BE00105C18 /* Assets.xcassets */,
				CEDCE0CE24AAF4BE00105C18 /* LaunchScreen.storyboard */,
				CEDCE0D124AAF4BE00105C18 /* Info.plist */,
				CEDCE0D224AAF4BE00105C18 /* main.m */,
			);
			path = MacroSports;
			sourceTree = "<group>";
		};
/* End PBXGroup section */

/* Begin PBXNativeTarget section */
		CEDCE0BC24AAF4B800105C18 /* MacroSports */ = {
			isa = PBXNativeTarget;
			buildConfigurationList = CEDCE0D624AAF4BE00105C18 /* Build configuration list for PBXNativeTarget "MacroSports" */;
			buildPhases = (
				CEDCE0B924AAF4B800105C18 /* Sources */,
				CEDCE0BA24AAF4B800105C18 /* Frameworks */,
				CEDCE0BB24AAF4B800105C18 /* Resources */,
			);
			buildRules = (
			);
			dependencies = (
			);
			name = MacroSports;
			productName = MacroSports;
			productReference = CEDCE0BD24AAF4B800105C18 /* MacroSports.app */;
			productType = "com.apple.product-type.application";
		};
/* End PBXNativeTarget section */

/* Begin PBXProject section */
		CEDCE0B524AAF4B800105C18 /* Project object */ = {
			isa = PBXProject;
			attributes = {
				LastUpgradeCheck = 1150;
				ORGANIZATIONNAME = macro;
				TargetAttributes = {
					CEDCE0BC24AAF4B800105C18 = {
						CreatedOnToolsVersion = 11.5;
					};
				};
			};
			buildConfigurationList = CEDCE0B824AAF4B800105C18 /* Build configuration list for PBXProject "MacroSports" */;
			compatibilityVersion = "Xcode 9.3";
			developmentRegion = en;
			hasScannedForEncodings = 0;
			knownRegions = (
				en,
				Base,
			);
			mainGroup = CEDCE0B424AAF4B800105C18;
			productRefGroup = CEDCE0BE24AAF4B800105C18 /* Products */;
			projectDirPath = "";
			projectRoot = "";
			targets = (
				CEDCE0BC24AAF4B800105C18 /* MacroSports */,
			);
		};
/* End PBXProject section */

/* Begin PBXResourcesBuildPhase section */
		CEDCE0BB24AAF4B800105C18 /* Resources */ = {
			isa = PBXResourcesBuildPhase;
			buildActionMask = 2147483647;
			files = (
				CEDCE0D024AAF4BE00105C18 /* LaunchScreen.storyboard in Resources */,
				CEDCE0CD24AAF4BE00105C18 /* Assets.xcassets in Resources */,
				CEDCE0CB24AAF4B800105C18 /* Main.storyboard in Resources */,
			);
			runOnlyForDeploymentPostprocessing = 0;
		};
/* End PBXResourcesBuildPhase section */

/* Begin PBXSourcesBuildPhase section */
		CEDCE0B924AAF4B800105C18 /* Sources */ = {
			isa = PBXSourcesBuildPhase;
			buildActionMask = 2147483647;
			files = (
				CEDCE0C824AAF4B800105C18 /* ViewController.m in Sources */,
				CEDCE0C224AAF4B800105C18 /* AppDelegate.m in Sources */,
				CEDCE0D324AAF4BE00105C18 /* main.m in Sources */,
				CEDCE0C524AAF4B800105C18 /* SceneDelegate.m in Sources */,
			);
			runOnlyForDeploymentPostprocessing = 0;
		};
/* End PBXSourcesBuildPhase section */

/* Begin PBXVariantGroup section */
		CEDCE0C924AAF4B800105C18 /* Main.storyboard */ = {
			isa = PBXVariantGroup;
			children = (
				CEDCE0CA24AAF4B800105C18 /* Base */,
			);
			name = Main.storyboard;
			sourceTree = "<group>";
		};
		CEDCE0CE24AAF4BE00105C18 /* LaunchScreen.storyboard */ = {
			isa = PBXVariantGroup;
			children = (
				CEDCE0CF24AAF4BE00105C18 /* Base */,
			);
			name = LaunchScreen.storyboard;
			sourceTree = "<group>";
		};
/* End PBXVariantGroup section */

/* Begin XCBuildConfiguration section */
		CEDCE0D424AAF4BE00105C18 /* Debug */ = {
			isa = XCBuildConfiguration;
			buildSettings = {
				ALWAYS_SEARCH_USER_PATHS = NO;
				CLANG_ANALYZER_NONNULL = YES;
				CLANG_ANALYZER_NUMBER_OBJECT_CONVERSION = YES_AGGRESSIVE;
				CLANG_CXX_LANGUAGE_STANDARD = "gnu++14";
				CLANG_CXX_LIBRARY = "libc++";
				CLANG_ENABLE_MODULES = YES;
				CLANG_ENABLE_OBJC_ARC = YES;
				CLANG_ENABLE_OBJC_WEAK = YES;
				CLANG_WARN_BLOCK_CAPTURE_AUTORELEASING = YES;
				CLANG_WARN_BOOL_CONVERSION = YES;
				CLANG_WARN_COMMA = YES;
				CLANG_WARN_CONSTANT_CONVERSION = YES;
				CLANG_WARN_DEPRECATED_OBJC_IMPLEMENTATIONS = YES;
				CLANG_WARN_DIRECT_OBJC_ISA_USAGE = YES_ERROR;
				CLANG_WARN_DOCUMENTATION_COMMENTS = YES;
				CLANG_WARN_EMPTY_BODY = YES;
				CLANG_WARN_ENUM_CONVERSION = YES;
				CLANG_WARN_INFINITE_RECURSION = YES;
				CLANG_WARN_INT_CONVERSION = YES;
				CLANG_WARN_NON_LITERAL_NULL_CONVERSION = YES;
				CLANG_WARN_OBJC_IMPLICIT_RETAIN_SELF = YES;
				CLANG_WARN_OBJC_LITERAL_CONVERSION = YES;
				CLANG_WARN_OBJC_ROOT_CLASS = YES_ERROR;
				CLANG_WARN_RANGE_LOOP_ANALYSIS = YES;
				CLANG_WARN_STRICT_PROTOTYPES = YES;
				CLANG_WARN_SUSPICIOUS_MOVE = YES;
				CLANG_WARN_UNGUARDED_AVAILABILITY = YES_AGGRESSIVE;
				CLANG_WARN_UNREACHABLE_CODE = YES;
				CLANG_WARN__DUPLICATE_METHOD_MATCH = YES;
				COPY_PHASE_STRIP = NO;
				DEBUG_INFORMATION_FORMAT = dwarf;
				ENABLE_STRICT_OBJC_MSGSEND = YES;
				ENABLE_TESTABILITY = YES;
				GCC_C_LANGUAGE_STANDARD = gnu11;
				GCC_DYNAMIC_NO_PIC = NO;
				GCC_NO_COMMON_BLOCKS = YES;
				GCC_OPTIMIZATION_LEVEL = 0;
				GCC_PREPROCESSOR_DEFINITIONS = (
					"DEBUG=1",
					"$(inherited)",
				);
				GCC_WARN_64_TO_32_BIT_CONVERSION = YES;
				GCC_WARN_ABOUT_RETURN_TYPE = YES_ERROR;
				GCC_WARN_UNDECLARED_SELECTOR = YES;
				GCC_WARN_UNINITIALIZED_AUTOS = YES_AGGRESSIVE;
				GCC_WARN_UNUSED_FUNCTION = YES;
				GCC_WARN_UNUSED_VARIABLE = YES;
				IPHONEOS_DEPLOYMENT_TARGET = 13.5;
				MTL_ENABLE_DEBUG_INFO = INCLUDE_SOURCE;
				MTL_FAST_MATH = YES;
				ONLY_ACTIVE_ARCH = YES;
				SDKROOT = iphoneos;
			};
			name = Debug;
		};
		CEDCE0D524AAF4BE00105C18 /* Release */ = {
			isa = XCBuildConfiguration;
			buildSettings = {
				ALWAYS_SEARCH_USER_PATHS = NO;
				CLANG_ANALYZER_NONNULL = YES;
				CLANG_ANALYZER_NUMBER_OBJECT_CONVERSION = YES_AGGRESSIVE;
				CLANG_CXX_LANGUAGE_STANDARD = "gnu++14";
				CLANG_CXX_LIBRARY = "libc++";
				CLANG_ENABLE_MODULES = YES;
				CLANG_ENABLE_OBJC_ARC = YES;
				CLANG_ENABLE_OBJC_WEAK = YES;
				CLANG_WARN_BLOCK_CAPTURE_AUTORELEASING = YES;
				CLANG_WARN_BOOL_CONVERSION = YES;
				CLANG_WARN_COMMA = YES;
				CLANG_WARN_CONSTANT_CONVERSION = YES;
				CLANG_WARN_DEPRECATED_OBJC_IMPLEMENTATIONS = YES;
				CLANG_WARN_DIRECT_OBJC_ISA_USAGE = YES_ERROR;
				CLANG_WARN_DOCUMENTATION_COMMENTS = YES;
				CLANG_WARN_EMPTY_BODY = YES;
				CLANG_WARN_ENUM_CONVERSION = YES;
				CLANG_WARN_INFINITE_RECURSION = YES;
				CLANG_WARN_INT_CONVERSION = YES;
				CLANG_WARN_NON_LITERAL_NULL_CONVERSION = YES;
				CLANG_WARN_OBJC_IMPLICIT_RETAIN_SELF = YES;
				CLANG_WARN_OBJC_LITERAL_CONVERSION = YES;
				CLANG_WARN_OBJC_ROOT_CLASS = YES_ERROR;
				CLANG_WARN_RANGE_LOOP_ANALYSIS = YES;
				CLANG_WARN_STRICT_PROTOTYPES = YES;
				CLANG_WARN_SUSPICIOUS_MOVE = YES;
				CLANG_WARN_UNGUARDED_AVAILABILITY = YES_AGGRESSIVE;
				CLANG_WARN_UNREACHABLE_CODE = YES;
				CLANG_WARN__DUPLICATE_METHOD_MATCH = YES;
				COPY_PHASE_STRIP = NO;
				DEBUG_INFORMATION_FORMAT = "dwarf-with-dsym";
				ENABLE_NS_ASSERTIONS = NO;
				ENABLE_STRICT_OBJC_MSGSEND = YES;
				GCC_C_LANGUAGE_STANDARD = gnu11;
				GCC_NO_COMMON_BLOCKS = YES;
				GCC_WARN_64_TO_32_BIT_CONVERSION = YES;
				GCC_WARN_ABOUT_RETURN_TYPE = YES_ERROR;
				GCC_WARN_UNDECLARED_SELECTOR = YES;
				GCC_WARN_UNINITIALIZED_AUTOS = YES_AGGRESSIVE;
				GCC_WARN_UNUSED_FUNCTION = YES;
				GCC_WARN_UNUSED_VARIABLE = YES;
				IPHONEOS_DEPLOYMENT_TARGET = 13.5;
				MTL_ENABLE_DEBUG_INFO = NO;
				MTL_FAST_MATH = YES;
				SDKROOT = iphoneos;
				VALIDATE_PRODUCT = YES;
			};
			name = Release;
		};
		CEDCE0D724AAF4BE00105C18 /* Debug */ = {
			isa = XCBuildConfiguration;
			buildSettings = {
				ASSETCATALOG_COMPILER_APPICON_NAME = AppIcon;
				CODE_SIGN_STYLE = Automatic;
				INFOPLIST_FILE = MacroSports/Info.plist;
				LD_RUNPATH_SEARCH_PATHS = (
					"$(inherited)",
					"@executable_path/Frameworks",
				);
				PRODUCT_BUNDLE_IDENTIFIER = com.cn.MAO.MacroSports;
				PRODUCT_NAME = "$(TARGET_NAME)";
				TARGETED_DEVICE_FAMILY = 1;
			};
			name = Debug;
		};
		CEDCE0D824AAF4BE00105C18 /* Release */ = {
			isa = XCBuildConfiguration;
			buildSettings = {
				ASSETCATALOG_COMPILER_APPICON_NAME = AppIcon;
				CODE_SIGN_STYLE = Automatic;
				INFOPLIST_FILE = MacroSports/Info.plist;
				LD_RUNPATH_SEARCH_PATHS = (
					"$(inherited)",
					"@executable_path/Frameworks",
				);
				PRODUCT_BUNDLE_IDENTIFIER = com.cn.MAO.MacroSports;
				PRODUCT_NAME = "$(TARGET_NAME)";
				TARGETED_DEVICE_FAMILY = 1;
			};
			name = Release;
		};
/* End XCBuildConfiguration section */

/* Begin XCConfigurationList section */
		CEDCE0B824AAF4B800105C18 /* Build configuration list for PBXProject "MacroSports" */ = {
			isa = XCConfigurationList;
			buildConfigurations = (
				CEDCE0D424AAF4BE00105C18 /* Debug */,
				CEDCE0D524AAF4BE00105C18 /* Release */,
			);
			defaultConfigurationIsVisible = 0;
			defaultConfigurationName = Release;
		};
		CEDCE0D624AAF4BE00105C18 /* Build configuration list for PBXNativeTarget "MacroSports" */ = {
			isa = XCConfigurationList;
			buildConfigurations = (
				CEDCE0D724AAF4BE00105C18 /* Debug */,
				CEDCE0D824AAF4BE00105C18 /* Release */,
			);
			defaultConfigurationIsVisible = 0;
			defaultConfigurationName = Release;
		};
/* End XCConfigurationList section */
	};
	rootObject = CEDCE0B524AAF4B800105C18 /* Project object */;
}
